
Microsoft Visual Studio Solution File, Format Version 12.00
# Visual Studio Version 16
VisualStudioVersion = 25.0.1704.2
MinimumVisualStudioVersion = 10.0.40219.1
Project("{FAE04EC0-301F-11D3-BF4B-00C04F79EFBC}") = "ProfileGenerator", "ProfileGenerator\ProfileGenerator.csproj", "{86056FB5-A276-47A5-8F6F-F7E5962DCB5D}"
EndProject
Project("{2150E333-8FDC-42A3-9474-1A3956D46DE8}") = "Solution Items", "Solution Items", "{51074907-7868-40CA-88A3-4A8A10071501}"
	ProjectSection(SolutionItems) = preProject
		.gitignore = .gitignore
	EndProjectSection
EndProject
Global
	GlobalSection(SolutionConfigurationPlatforms) = preSolution
		Debug|Any CPU = Debug|Any CPU
		Release|Any CPU = Release|Any CPU
	EndGlobalSection
	GlobalSection(ProjectConfigurationPlatforms) = postSolution
		{86056FB5-A276-47A5-8F6F-F7E5962DCB5D}.Debug|Any CPU.ActiveCfg = Debug|Any CPU
		{86056FB5-A276-47A5-8F6F-F7E5962DCB5D}.Debug|Any CPU.Build.0 = Debug|Any CPU
		{86056FB5-A276-47A5-8F6F-F7E5962DCB5D}.Release|Any CPU.ActiveCfg = Release|Any CPU
		{86056FB5-A276-47A5-8F6F-F7E5962DCB5D}.Release|Any CPU.Build.0 = Release|Any CPU
	EndGlobalSection
	GlobalSection(SolutionProperties) = preSolution
		HideSolutionNode = FALSE
	EndGlobalSection
	GlobalSection(ExtensibilityGlobals) = postSolution
		SolutionGuid = {8F01AE7F-DFB0-4EEE-BD27-0595022D1E9F}
	EndGlobalSection
EndGlobal
